{
  "object": {
    "pins": [
      {
        "package": "AcknowList",
        "repositoryURL": "https://github.com/vtourraine/AcknowList",
        "state": {
          "branch": null,
          "revision": "d0e560cccc39d07598ad3032c701a0e77eaacbe5",
          "version": "2.0.1"
        }
      },
      {
        "package": "DZNEmptyDataSet",
        "repositoryURL": "https://github.com/dzenbot/DZNEmptyDataSet",
        "state": {
          "branch": "master",
          "revision": "b66d6a80457dc6286af3cff9d59e1259d3ca0b70",
          "version": null
        }
      },
      {
        "package": "Kingfisher",
        "repositoryURL": "https://github.com/onevcat/Kingfisher",
        "state": {
          "branch": null,
          "revision": "44450a8f564d7c0165f736ba2250649ff8d3e556",
          "version": "6.3.0"
        }
      },
      {
        "package": "WhatsNewKit",
        "repositoryURL": "https://github.com/SvenTiigi/WhatsNewKit.git",
        "state": {
          "branch": null,
          "revision": "92a9d6f5f6754aba0df972514fd7686f1de03bcc",
          "version": "1.3.7"
        }
      }
    ]
  },
  "version": 1
}
