// !$*UTF8*$!
{
	archiveVersion = 1;
	classes = {
	};
	objectVersion = 47;
	objects = {

/* Begin PBXBuildFile section */
		52148E63214BFC9A0024B46B /* Translate.swift in Sources */ = {isa = PBXBuildFile; fileRef = 52148E62214BFC9A0024B46B /* Translate.swift */; };
		521E37C520322EB200BA345D /* Quiz.swift in Sources */ = {isa = PBXBuildFile; fileRef = 521E37C420322EB200BA345D /* Quiz.swift */; };
		521E37C720322EC000BA345D /* Manual.swift in Sources */ = {isa = PBXBuildFile; fileRef = 521E37C620322EC000BA345D /* Manual.swift */; };
		521E37CB2032339400BA345D /* Fetchable.swift in Sources */ = {isa = PBXBuildFile; fileRef = 521E37CA2032339400BA345D /* Fetchable.swift */; };
		521E37CD2032360200BA345D /* Persistent.swift in Sources */ = {isa = PBXBuildFile; fileRef = 521E37CC2032360200BA345D /* Persistent.swift */; };
		521E37D420325A6100BA345D /* quiz.json in Resources */ = {isa = PBXBuildFile; fileRef = 521E37D120325A6000BA345D /* quiz.json */; };
		521E37D520325A6100BA345D /* sections.json in Resources */ = {isa = PBXBuildFile; fileRef = 521E37D220325A6000BA345D /* sections.json */; };
		523C7968214C3A3E005E8E5C /* GoogleService-Info.plist in Resources */ = {isa = PBXBuildFile; fileRef = 523C7967214C3A3D005E8E5C /* GoogleService-Info.plist */; };
		523C796B214C5F1E005E8E5C /* Language.swift in Sources */ = {isa = PBXBuildFile; fileRef = 523C796A214C5F1E005E8E5C /* Language.swift */; };
		523C7970214C7423005E8E5C /* tboc.json in Resources */ = {isa = PBXBuildFile; fileRef = 523C7972214C7423005E8E5C /* tboc.json */; };
		523C7975214C75DE005E8E5C /* Error+Extensions.swift in Sources */ = {isa = PBXBuildFile; fileRef = 523C7974214C75DE005E8E5C /* Error+Extensions.swift */; };
		5258CED22030A06B00FB48DC /* AppDelegate.swift in Sources */ = {isa = PBXBuildFile; fileRef = 5258CED12030A06B00FB48DC /* AppDelegate.swift */; };
		5258CED72030A06C00FB48DC /* Main.storyboard in Resources */ = {isa = PBXBuildFile; fileRef = 5258CED52030A06C00FB48DC /* Main.storyboard */; };
		5258CED92030A07800FB48DC /* Assets.xcassets in Resources */ = {isa = PBXBuildFile; fileRef = 5258CED82030A07800FB48DC /* Assets.xcassets */; };
		5258CEDC2030A07800FB48DC /* LaunchScreen.storyboard in Resources */ = {isa = PBXBuildFile; fileRef = 5258CEDA2030A07800FB48DC /* LaunchScreen.storyboard */; };
		5258CEE82030ACDD00FB48DC /* URL+Extensions.swift in Sources */ = {isa = PBXBuildFile; fileRef = 5258CEE72030ACDD00FB48DC /* URL+Extensions.swift */; };
		5258CEEC2030CF3F00FB48DC /* Pods-AZDMV-acknowledgements.plist in Resources */ = {isa = PBXBuildFile; fileRef = 5258CEEB2030CF3E00FB48DC /* Pods-AZDMV-acknowledgements.plist */; };
		5258CEEE2030D01200FB48DC /* SettingsTableViewController.swift in Sources */ = {isa = PBXBuildFile; fileRef = 5258CEED2030D01200FB48DC /* SettingsTableViewController.swift */; };
		5258CEF02030D11A00FB48DC /* ManualsCollectionViewController.swift in Sources */ = {isa = PBXBuildFile; fileRef = 5258CEEF2030D11A00FB48DC /* ManualsCollectionViewController.swift */; };
		5258CEF22030D12900FB48DC /* QuizzesTableViewController.swift in Sources */ = {isa = PBXBuildFile; fileRef = 5258CEF12030D12900FB48DC /* QuizzesTableViewController.swift */; };
		5258CEF42030E23E00FB48DC /* icomoon.ttf in Resources */ = {isa = PBXBuildFile; fileRef = 5258CEF32030E23E00FB48DC /* icomoon.ttf */; };
		5258CEF62030E38300FB48DC /* ManualsCollectionViewCell.swift in Sources */ = {isa = PBXBuildFile; fileRef = 5258CEF52030E38300FB48DC /* ManualsCollectionViewCell.swift */; };
		52AFC0D5214D741800ABB97D /* Conformance.swift in Sources */ = {isa = PBXBuildFile; fileRef = 52AFC0D4214D741800ABB97D /* Conformance.swift */; };
		52E1B5A42033B138000926FE /* OptionalCodable.swift in Sources */ = {isa = PBXBuildFile; fileRef = 52E1B5A32033B138000926FE /* OptionalCodable.swift */; };
		52E89FAA20331EE2000E6937 /* TableOfContents.swift in Sources */ = {isa = PBXBuildFile; fileRef = 52E89FA920331EE2000E6937 /* TableOfContents.swift */; };
		52E89FAC20337E5B000E6937 /* Subsection.swift in Sources */ = {isa = PBXBuildFile; fileRef = 52E89FAB20337E5B000E6937 /* Subsection.swift */; };
		52E89FAE20337EC0000E6937 /* Section.swift in Sources */ = {isa = PBXBuildFile; fileRef = 52E89FAD20337EC0000E6937 /* Section.swift */; };
		C22AEFB9A20112D0AD794E49 /* Pods_AZDMV.framework in Frameworks */ = {isa = PBXBuildFile; fileRef = D300C5BD38B278CBCE5F79A1 /* Pods_AZDMV.framework */; };
/* End PBXBuildFile section */

/* Begin PBXFileReference section */
		52148E62214BFC9A0024B46B /* Translate.swift */ = {isa = PBXFileReference; lastKnownFileType = sourcecode.swift; path = Translate.swift; sourceTree = "<group>"; };
		521E37C420322EB200BA345D /* Quiz.swift */ = {isa = PBXFileReference; lastKnownFileType = sourcecode.swift; path = Quiz.swift; sourceTree = "<group>"; };
		521E37C620322EC000BA345D /* Manual.swift */ = {isa = PBXFileReference; lastKnownFileType = sourcecode.swift; path = Manual.swift; sourceTree = "<group>"; };
		521E37CA2032339400BA345D /* Fetchable.swift */ = {isa = PBXFileReference; lastKnownFileType = sourcecode.swift; path = Fetchable.swift; sourceTree = "<group>"; };
		521E37CC2032360200BA345D /* Persistent.swift */ = {isa = PBXFileReference; lastKnownFileType = sourcecode.swift; path = Persistent.swift; sourceTree = "<group>"; };
		521E37D120325A6000BA345D /* quiz.json */ = {isa = PBXFileReference; fileEncoding = 4; lastKnownFileType = text.json; path = quiz.json; sourceTree = "<group>"; };
		521E37D220325A6000BA345D /* sections.json */ = {isa = PBXFileReference; fileEncoding = 4; lastKnownFileType = text.json; path = sections.json; sourceTree = "<group>"; };
		523C7967214C3A3D005E8E5C /* GoogleService-Info.plist */ = {isa = PBXFileReference; fileEncoding = 4; lastKnownFileType = text.plist.xml; name = "GoogleService-Info.plist"; path = "AZDMV/Supporting File/GoogleService-Info.plist"; sourceTree = SOURCE_ROOT; };
		523C796A214C5F1E005E8E5C /* Language.swift */ = {isa = PBXFileReference; lastKnownFileType = sourcecode.swift; path = Language.swift; sourceTree = "<group>"; };
		523C796C214C6710005E8E5C /* es */ = {isa = PBXFileReference; lastKnownFileType = text.plist.strings; name = es; path = es.lproj/Main.strings; sourceTree = "<group>"; };
		523C796D214C6710005E8E5C /* es */ = {isa = PBXFileReference; lastKnownFileType = text.plist.strings; name = es; path = es.lproj/LaunchScreen.strings; sourceTree = "<group>"; };
		523C796E214C6718005E8E5C /* zh-Hans */ = {isa = PBXFileReference; lastKnownFileType = text.plist.strings; name = "zh-Hans"; path = "zh-Hans.lproj/Main.strings"; sourceTree = "<group>"; };
		523C796F214C6719005E8E5C /* zh-Hans */ = {isa = PBXFileReference; lastKnownFileType = text.plist.strings; name = "zh-Hans"; path = "zh-Hans.lproj/LaunchScreen.strings"; sourceTree = "<group>"; };
		523C7971214C7423005E8E5C /* Base */ = {isa = PBXFileReference; lastKnownFileType = text.json; name = Base; path = Base.lproj/tboc.json; sourceTree = "<group>"; };
		523C7973214C7433005E8E5C /* en */ = {isa = PBXFileReference; lastKnownFileType = text.json; name = en; path = en.lproj/tboc.json; sourceTree = "<group>"; };
		523C7974214C75DE005E8E5C /* Error+Extensions.swift */ = {isa = PBXFileReference; lastKnownFileType = sourcecode.swift; path = "Error+Extensions.swift"; sourceTree = "<group>"; };
		5258CECF2030A06B00FB48DC /* AZDMV.app */ = {isa = PBXFileReference; explicitFileType = wrapper.application; includeInIndex = 0; path = AZDMV.app; sourceTree = BUILT_PRODUCTS_DIR; };
		5258CED12030A06B00FB48DC /* AppDelegate.swift */ = {isa = PBXFileReference; lastKnownFileType = sourcecode.swift; path = AppDelegate.swift; sourceTree = "<group>"; };
		5258CED62030A06C00FB48DC /* Base */ = {isa = PBXFileReference; lastKnownFileType = file.storyboard; name = Base; path = Base.lproj/Main.storyboard; sourceTree = "<group>"; };
		5258CED82030A07800FB48DC /* Assets.xcassets */ = {isa = PBXFileReference; lastKnownFileType = folder.assetcatalog; path = Assets.xcassets; sourceTree = "<group>"; };
		5258CEDB2030A07800FB48DC /* Base */ = {isa = PBXFileReference; lastKnownFileType = file.storyboard; name = Base; path = Base.lproj/LaunchScreen.storyboard; sourceTree = "<group>"; };
		5258CEDD2030A07800FB48DC /* Info.plist */ = {isa = PBXFileReference; lastKnownFileType = text.plist.xml; path = Info.plist; sourceTree = "<group>"; };
		5258CEE52030A63000FB48DC /* README.md */ = {isa = PBXFileReference; lastKnownFileType = net.daringfireball.markdown; path = README.md; sourceTree = "<group>"; };
		5258CEE62030A63B00FB48DC /* LICENSE */ = {isa = PBXFileReference; lastKnownFileType = text; path = LICENSE; sourceTree = "<group>"; };
		5258CEE72030ACDD00FB48DC /* URL+Extensions.swift */ = {isa = PBXFileReference; lastKnownFileType = sourcecode.swift; path = "URL+Extensions.swift"; sourceTree = "<group>"; };
		5258CEE92030C0C700FB48DC /* CHANGELOG.md */ = {isa = PBXFileReference; lastKnownFileType = net.daringfireball.markdown; path = CHANGELOG.md; sourceTree = "<group>"; };
		5258CEEB2030CF3E00FB48DC /* Pods-AZDMV-acknowledgements.plist */ = {isa = PBXFileReference; fileEncoding = 4; lastKnownFileType = text.plist.xml; name = "Pods-AZDMV-acknowledgements.plist"; path = "Pods/Target Support Files/Pods-AZDMV/Pods-AZDMV-acknowledgements.plist"; sourceTree = SOURCE_ROOT; };
		5258CEED2030D01200FB48DC /* SettingsTableViewController.swift */ = {isa = PBXFileReference; lastKnownFileType = sourcecode.swift; path = SettingsTableViewController.swift; sourceTree = "<group>"; };
		5258CEEF2030D11A00FB48DC /* ManualsCollectionViewController.swift */ = {isa = PBXFileReference; lastKnownFileType = sourcecode.swift; path = ManualsCollectionViewController.swift; sourceTree = "<group>"; };
		5258CEF12030D12900FB48DC /* QuizzesTableViewController.swift */ = {isa = PBXFileReference; lastKnownFileType = sourcecode.swift; path = QuizzesTableViewController.swift; sourceTree = "<group>"; };
		5258CEF32030E23E00FB48DC /* icomoon.ttf */ = {isa = PBXFileReference; lastKnownFileType = file; path = icomoon.ttf; sourceTree = "<group>"; };
		5258CEF52030E38300FB48DC /* ManualsCollectionViewCell.swift */ = {isa = PBXFileReference; lastKnownFileType = sourcecode.swift; path = ManualsCollectionViewCell.swift; sourceTree = "<group>"; };
		52AFC0D4214D741800ABB97D /* Conformance.swift */ = {isa = PBXFileReference; lastKnownFileType = sourcecode.swift; path = Conformance.swift; sourceTree = "<group>"; };
		52E1B5A32033B138000926FE /* OptionalCodable.swift */ = {isa = PBXFileReference; lastKnownFileType = sourcecode.swift; path = OptionalCodable.swift; sourceTree = "<group>"; };
		52E89FA920331EE2000E6937 /* TableOfContents.swift */ = {isa = PBXFileReference; lastKnownFileType = sourcecode.swift; path = TableOfContents.swift; sourceTree = "<group>"; };
		52E89FAB20337E5B000E6937 /* Subsection.swift */ = {isa = PBXFileReference; lastKnownFileType = sourcecode.swift; path = Subsection.swift; sourceTree = "<group>"; };
		52E89FAD20337EC0000E6937 /* Section.swift */ = {isa = PBXFileReference; lastKnownFileType = sourcecode.swift; path = Section.swift; sourceTree = "<group>"; };
		AE7E81D102AEC2855D84F893 /* Pods-AZDMV.debug.xcconfig */ = {isa = PBXFileReference; includeInIndex = 1; lastKnownFileType = text.xcconfig; name = "Pods-AZDMV.debug.xcconfig"; path = "Pods/Target Support Files/Pods-AZDMV/Pods-AZDMV.debug.xcconfig"; sourceTree = "<group>"; };
		C093238A876AEA2014E052C6 /* Pods-AZDMV.release.xcconfig */ = {isa = PBXFileReference; includeInIndex = 1; lastKnownFileType = text.xcconfig; name = "Pods-AZDMV.release.xcconfig"; path = "Pods/Target Support Files/Pods-AZDMV/Pods-AZDMV.release.xcconfig"; sourceTree = "<group>"; };
		D300C5BD38B278CBCE5F79A1 /* Pods_AZDMV.framework */ = {isa = PBXFileReference; explicitFileType = wrapper.framework; includeInIndex = 0; path = Pods_AZDMV.framework; sourceTree = BUILT_PRODUCTS_DIR; };
/* End PBXFileReference section */

/* Begin PBXFrameworksBuildPhase section */
		5258CECC2030A06B00FB48DC /* Frameworks */ = {
			isa = PBXFrameworksBuildPhase;
			buildActionMask = 2147483647;
			files = (
				C22AEFB9A20112D0AD794E49 /* Pods_AZDMV.framework in Frameworks */,
			);
			runOnlyForDeploymentPostprocessing = 0;
		};
/* End PBXFrameworksBuildPhase section */

/* Begin PBXGroup section */
		521E37D02032368400BA345D /* Transformation */ = {
			isa = PBXGroup;
			children = (
				521E37CA2032339400BA345D /* Fetchable.swift */,
				521E37CC2032360200BA345D /* Persistent.swift */,
				52E1B5A32033B138000926FE /* OptionalCodable.swift */,
				52AFC0D4214D741800ABB97D /* Conformance.swift */,
			);
			path = Transformation;
			sourceTree = "<group>";
		};
		523C7969214C5EFB005E8E5C /* Networking */ = {
			isa = PBXGroup;
			children = (
				52148E62214BFC9A0024B46B /* Translate.swift */,
				523C796A214C5F1E005E8E5C /* Language.swift */,
			);
			path = Networking;
			sourceTree = "<group>";
		};
		5258CEA920308E3600FB48DC = {
			isa = PBXGroup;
			children = (
				5258CEE52030A63000FB48DC /* README.md */,
				5258CEE92030C0C700FB48DC /* CHANGELOG.md */,
				5258CEE62030A63B00FB48DC /* LICENSE */,
				5258CED02030A06B00FB48DC /* AZDMV */,
				5258CEB320308E3600FB48DC /* Products */,
				C51ED9E833B7A9997865D33C /* Pods */,
				E97DFCE5B06612CF3F7DAEBB /* Frameworks */,
			);
			sourceTree = "<group>";
		};
		5258CEB320308E3600FB48DC /* Products */ = {
			isa = PBXGroup;
			children = (
				5258CECF2030A06B00FB48DC /* AZDMV.app */,
			);
			name = Products;
			sourceTree = "<group>";
		};
		5258CED02030A06B00FB48DC /* AZDMV */ = {
			isa = PBXGroup;
			children = (
				523C7969214C5EFB005E8E5C /* Networking */,
				5258CEE32030A0E400FB48DC /* Model */,
				5258CEE22030A0C700FB48DC /* View Controller */,
				5258CEE42030A0FB00FB48DC /* Extensions */,
				5258CEE12030A0B800FB48DC /* Supporting File */,
			);
			path = AZDMV;
			sourceTree = "<group>";
		};
		5258CEE12030A0B800FB48DC /* Supporting File */ = {
			isa = PBXGroup;
			children = (
				5258CED12030A06B00FB48DC /* AppDelegate.swift */,
				5258CED82030A07800FB48DC /* Assets.xcassets */,
				5258CEF32030E23E00FB48DC /* icomoon.ttf */,
				5258CEDA2030A07800FB48DC /* LaunchScreen.storyboard */,
				5258CEDD2030A07800FB48DC /* Info.plist */,
				523C7967214C3A3D005E8E5C /* GoogleService-Info.plist */,
				5258CEEB2030CF3E00FB48DC /* Pods-AZDMV-acknowledgements.plist */,
			);
			path = "Supporting File";
			sourceTree = "<group>";
		};
		5258CEE22030A0C700FB48DC /* View Controller */ = {
			isa = PBXGroup;
			children = (
				5258CED52030A06C00FB48DC /* Main.storyboard */,
				5258CEF52030E38300FB48DC /* ManualsCollectionViewCell.swift */,
				5258CEEF2030D11A00FB48DC /* ManualsCollectionViewController.swift */,
				5258CEF12030D12900FB48DC /* QuizzesTableViewController.swift */,
				5258CEED2030D01200FB48DC /* SettingsTableViewController.swift */,
			);
			path = "View Controller";
			sourceTree = "<group>";
		};
		5258CEE32030A0E400FB48DC /* Model */ = {
			isa = PBXGroup;
			children = (
				521E37D02032368400BA345D /* Transformation */,
				523C7972214C7423005E8E5C /* tboc.json */,
				52E89FA920331EE2000E6937 /* TableOfContents.swift */,
				521E37C620322EC000BA345D /* Manual.swift */,
				52E89FAD20337EC0000E6937 /* Section.swift */,
				521E37D220325A6000BA345D /* sections.json */,
				52E89FAB20337E5B000E6937 /* Subsection.swift */,
				521E37D120325A6000BA345D /* quiz.json */,
				521E37C420322EB200BA345D /* Quiz.swift */,
			);
			path = Model;
			sourceTree = "<group>";
		};
		5258CEE42030A0FB00FB48DC /* Extensions */ = {
			isa = PBXGroup;
			children = (
				5258CEE72030ACDD00FB48DC /* URL+Extensions.swift */,
				523C7974214C75DE005E8E5C /* Error+Extensions.swift */,
			);
			path = Extensions;
			sourceTree = "<group>";
		};
		C51ED9E833B7A9997865D33C /* Pods */ = {
			isa = PBXGroup;
			children = (
				AE7E81D102AEC2855D84F893 /* Pods-AZDMV.debug.xcconfig */,
				C093238A876AEA2014E052C6 /* Pods-AZDMV.release.xcconfig */,
			);
			name = Pods;
			sourceTree = "<group>";
		};
		E97DFCE5B06612CF3F7DAEBB /* Frameworks */ = {
			isa = PBXGroup;
			children = (
				D300C5BD38B278CBCE5F79A1 /* Pods_AZDMV.framework */,
			);
			name = Frameworks;
			sourceTree = "<group>";
		};
/* End PBXGroup section */

/* Begin PBXNativeTarget section */
		5258CECE2030A06B00FB48DC /* AZDMV */ = {
			isa = PBXNativeTarget;
			buildConfigurationList = 5258CEE02030A07800FB48DC /* Build configuration list for PBXNativeTarget "AZDMV" */;
			buildPhases = (
				C69D3C6613AA98A7604BC75F /* [CP] Check Pods Manifest.lock */,
				5258CECB2030A06B00FB48DC /* Sources */,
				5258CECC2030A06B00FB48DC /* Frameworks */,
				5258CECD2030A06B00FB48DC /* Resources */,
				6F62A99315FB9B7B73D29DCE /* [CP] Embed Pods Frameworks */,
				5258CEF72030E6F300FB48DC /* ShellScript */,
			);
			buildRules = (
			);
			dependencies = (
			);
			name = AZDMV;
			productName = AZDMV;
			productReference = 5258CECF2030A06B00FB48DC /* AZDMV.app */;
			productType = "com.apple.product-type.application";
		};
/* End PBXNativeTarget section */

/* Begin PBXProject section */
		5258CEAA20308E3600FB48DC /* Project object */ = {
			isa = PBXProject;
			attributes = {
				LastSwiftUpdateCheck = 0930;
				LastUpgradeCheck = 0930;
				ORGANIZATIONNAME = "DMV A-Z";
				TargetAttributes = {
					5258CECE2030A06B00FB48DC = {
						CreatedOnToolsVersion = 9.3;
						DevelopmentTeam = KZ7D8X3PRK;
						ProvisioningStyle = Automatic;
					};
				};
			};
			buildConfigurationList = 5258CEAD20308E3600FB48DC /* Build configuration list for PBXProject "AZDMV" */;
			compatibilityVersion = "Xcode 6.3";
			developmentRegion = en;
			hasScannedForEncodings = 0;
			knownRegions = (
				en,
				Base,
			);
			mainGroup = 5258CEA920308E3600FB48DC;
			productRefGroup = 5258CEB320308E3600FB48DC /* Products */;
			projectDirPath = "";
			projectRoot = "";
			targets = (
				5258CECE2030A06B00FB48DC /* AZDMV */,
			);
		};
/* End PBXProject section */

/* Begin PBXResourcesBuildPhase section */
		5258CECD2030A06B00FB48DC /* Resources */ = {
			isa = PBXResourcesBuildPhase;
			buildActionMask = 2147483647;
			files = (
				5258CEF42030E23E00FB48DC /* icomoon.ttf in Resources */,
				523C7970214C7423005E8E5C /* tboc.json in Resources */,
				523C7968214C3A3E005E8E5C /* GoogleService-Info.plist in Resources */,
				521E37D520325A6100BA345D /* sections.json in Resources */,
				5258CEEC2030CF3F00FB48DC /* Pods-AZDMV-acknowledgements.plist in Resources */,
				521E37D420325A6100BA345D /* quiz.json in Resources */,
				5258CEDC2030A07800FB48DC /* LaunchScreen.storyboard in Resources */,
				5258CED92030A07800FB48DC /* Assets.xcassets in Resources */,
				5258CED72030A06C00FB48DC /* Main.storyboard in Resources */,
			);
			runOnlyForDeploymentPostprocessing = 0;
		};
/* End PBXResourcesBuildPhase section */

/* Begin PBXShellScriptBuildPhase section */
		5258CEF72030E6F300FB48DC /* ShellScript */ = {
			isa = PBXShellScriptBuildPhase;
			buildActionMask = 2147483647;
			files = (
			);
			inputPaths = (
			);
			outputPaths = (
			);
			runOnlyForDeploymentPostprocessing = 0;
			shellPath = /bin/sh;
			shellScript = "buildNumber=$(/usr/libexec/PlistBuddy -c \"Print CFBundleVersion\" \"$INFOPLIST_FILE\")\nbuildNumber=$(($buildNumber + 1))\n/usr/libexec/PlistBuddy -c \"Set :CFBundleVersion $buildNumber\" \"$INFOPLIST_FILE\"";
		};
		6F62A99315FB9B7B73D29DCE /* [CP] Embed Pods Frameworks */ = {
			isa = PBXShellScriptBuildPhase;
			buildActionMask = 2147483647;
			files = (
			);
			inputPaths = (
				"${PODS_ROOT}/Target Support Files/Pods-AZDMV/Pods-AZDMV-frameworks.sh",
				"${BUILT_PRODUCTS_DIR}/AcknowList/AcknowList.framework",
				"${BUILT_PRODUCTS_DIR}/BoringSSL/openssl.framework",
				"${BUILT_PRODUCTS_DIR}/BulletinBoard/BLTNBoard.framework",
				"${BUILT_PRODUCTS_DIR}/GoogleUtilities/GoogleUtilities.framework",
				"${BUILT_PRODUCTS_DIR}/Kingfisher/Kingfisher.framework",
				"${BUILT_PRODUCTS_DIR}/Protobuf/Protobuf.framework",
				"${BUILT_PRODUCTS_DIR}/gRPC/GRPCClient.framework",
				"${BUILT_PRODUCTS_DIR}/gRPC-C++/grpcpp.framework",
				"${BUILT_PRODUCTS_DIR}/gRPC-Core/grpc.framework",
				"${BUILT_PRODUCTS_DIR}/gRPC-ProtoRPC/ProtoRPC.framework",
				"${BUILT_PRODUCTS_DIR}/gRPC-RxLibrary/RxLibrary.framework",
				"${BUILT_PRODUCTS_DIR}/leveldb-library/leveldb.framework",
				"${BUILT_PRODUCTS_DIR}/nanopb/nanopb.framework",
			);
			name = "[CP] Embed Pods Frameworks";
			outputPaths = (
				"${TARGET_BUILD_DIR}/${FRAMEWORKS_FOLDER_PATH}/AcknowList.framework",
				"${TARGET_BUILD_DIR}/${FRAMEWORKS_FOLDER_PATH}/openssl.framework",
				"${TARGET_BUILD_DIR}/${FRAMEWORKS_FOLDER_PATH}/BLTNBoard.framework",
				"${TARGET_BUILD_DIR}/${FRAMEWORKS_FOLDER_PATH}/GoogleUtilities.framework",
				"${TARGET_BUILD_DIR}/${FRAMEWORKS_FOLDER_PATH}/Kingfisher.framework",
				"${TARGET_BUILD_DIR}/${FRAMEWORKS_FOLDER_PATH}/Protobuf.framework",
				"${TARGET_BUILD_DIR}/${FRAMEWORKS_FOLDER_PATH}/GRPCClient.framework",
				"${TARGET_BUILD_DIR}/${FRAMEWORKS_FOLDER_PATH}/grpcpp.framework",
				"${TARGET_BUILD_DIR}/${FRAMEWORKS_FOLDER_PATH}/grpc.framework",
				"${TARGET_BUILD_DIR}/${FRAMEWORKS_FOLDER_PATH}/ProtoRPC.framework",
				"${TARGET_BUILD_DIR}/${FRAMEWORKS_FOLDER_PATH}/RxLibrary.framework",
				"${TARGET_BUILD_DIR}/${FRAMEWORKS_FOLDER_PATH}/leveldb.framework",
				"${TARGET_BUILD_DIR}/${FRAMEWORKS_FOLDER_PATH}/nanopb.framework",
			);
			runOnlyForDeploymentPostprocessing = 0;
			shellPath = /bin/sh;
			shellScript = "\"${PODS_ROOT}/Target Support Files/Pods-AZDMV/Pods-AZDMV-frameworks.sh\"\n";
			showEnvVarsInLog = 0;
		};
		C69D3C6613AA98A7604BC75F /* [CP] Check Pods Manifest.lock */ = {
			isa = PBXShellScriptBuildPhase;
			buildActionMask = 2147483647;
			files = (
			);
			inputPaths = (
				"${PODS_PODFILE_DIR_PATH}/Podfile.lock",
				"${PODS_ROOT}/Manifest.lock",
			);
			name = "[CP] Check Pods Manifest.lock";
			outputPaths = (
				"$(DERIVED_FILE_DIR)/Pods-AZDMV-checkManifestLockResult.txt",
			);
			runOnlyForDeploymentPostprocessing = 0;
			shellPath = /bin/sh;
			shellScript = "diff \"${PODS_PODFILE_DIR_PATH}/Podfile.lock\" \"${PODS_ROOT}/Manifest.lock\" > /dev/null\nif [ $? != 0 ] ; then\n    # print error to STDERR\n    echo \"error: The sandbox is not in sync with the Podfile.lock. Run 'pod install' or update your CocoaPods installation.\" >&2\n    exit 1\nfi\n# This output is used by Xcode 'outputs' to avoid re-running this script phase.\necho \"SUCCESS\" > \"${SCRIPT_OUTPUT_FILE_0}\"\n";
			showEnvVarsInLog = 0;
		};
/* End PBXShellScriptBuildPhase section */

/* Begin PBXSourcesBuildPhase section */
		5258CECB2030A06B00FB48DC /* Sources */ = {
			isa = PBXSourcesBuildPhase;
			buildActionMask = 2147483647;
			files = (
				5258CEEE2030D01200FB48DC /* SettingsTableViewController.swift in Sources */,
				5258CEE82030ACDD00FB48DC /* URL+Extensions.swift in Sources */,
				521E37CD2032360200BA345D /* Persistent.swift in Sources */,
				521E37C520322EB200BA345D /* Quiz.swift in Sources */,
				5258CEF62030E38300FB48DC /* ManualsCollectionViewCell.swift in Sources */,
				52E1B5A42033B138000926FE /* OptionalCodable.swift in Sources */,
				5258CEF02030D11A00FB48DC /* ManualsCollectionViewController.swift in Sources */,
				521E37C720322EC000BA345D /* Manual.swift in Sources */,
				52E89FAE20337EC0000E6937 /* Section.swift in Sources */,
				5258CEF22030D12900FB48DC /* QuizzesTableViewController.swift in Sources */,
				523C7975214C75DE005E8E5C /* Error+Extensions.swift in Sources */,
				521E37CB2032339400BA345D /* Fetchable.swift in Sources */,
				52E89FAC20337E5B000E6937 /* Subsection.swift in Sources */,
				52AFC0D5214D741800ABB97D /* Conformance.swift in Sources */,
				5258CED22030A06B00FB48DC /* AppDelegate.swift in Sources */,
				523C796B214C5F1E005E8E5C /* Language.swift in Sources */,
				52E89FAA20331EE2000E6937 /* TableOfContents.swift in Sources */,
				52148E63214BFC9A0024B46B /* Translate.swift in Sources */,
			);
			runOnlyForDeploymentPostprocessing = 0;
		};
/* End PBXSourcesBuildPhase section */

/* Begin PBXVariantGroup section */
		523C7972214C7423005E8E5C /* tboc.json */ = {
			isa = PBXVariantGroup;
			children = (
				523C7971214C7423005E8E5C /* Base */,
				523C7973214C7433005E8E5C /* en */,
			);
			name = tboc.json;
			sourceTree = "<group>";
		};
		5258CED52030A06C00FB48DC /* Main.storyboard */ = {
			isa = PBXVariantGroup;
			children = (
				5258CED62030A06C00FB48DC /* Base */,
				523C796C214C6710005E8E5C /* es */,
				523C796E214C6718005E8E5C /* zh-Hans */,
			);
			name = Main.storyboard;
			sourceTree = "<group>";
		};
		5258CEDA2030A07800FB48DC /* LaunchScreen.storyboard */ = {
			isa = PBXVariantGroup;
			children = (
				5258CEDB2030A07800FB48DC /* Base */,
				523C796D214C6710005E8E5C /* es */,
				523C796F214C6719005E8E5C /* zh-Hans */,
			);
			name = LaunchScreen.storyboard;
			sourceTree = "<group>";
		};
/* End PBXVariantGroup section */

/* Begin XCBuildConfiguration section */
		5258CEC220308EF300FB48DC /* Debug */ = {
			isa = XCBuildConfiguration;
			buildSettings = {
				ALWAYS_SEARCH_USER_PATHS = NO;
				CLANG_ANALYZER_LOCALIZABILITY_NONLOCALIZED = YES;
				CLANG_ANALYZER_NONNULL = YES;
				CLANG_ANALYZER_NUMBER_OBJECT_CONVERSION = YES_AGGRESSIVE;
				CLANG_CXX_LANGUAGE_STANDARD = "gnu++14";
				CLANG_CXX_LIBRARY = "libc++";
				CLANG_ENABLE_MODULES = YES;
				CLANG_ENABLE_OBJC_ARC = YES;
				CLANG_ENABLE_OBJC_WEAK = YES;
				CLANG_WARN_BLOCK_CAPTURE_AUTORELEASING = YES;
				CLANG_WARN_BOOL_CONVERSION = YES;
				CLANG_WARN_COMMA = YES;
				CLANG_WARN_CONSTANT_CONVERSION = YES;
				CLANG_WARN_DEPRECATED_OBJC_IMPLEMENTATIONS = YES;
				CLANG_WARN_DIRECT_OBJC_ISA_USAGE = YES_ERROR;
				CLANG_WARN_DOCUMENTATION_COMMENTS = YES;
				CLANG_WARN_EMPTY_BODY = YES;
				CLANG_WARN_ENUM_CONVERSION = YES;
				CLANG_WARN_INFINITE_RECURSION = YES;
				CLANG_WARN_INT_CONVERSION = YES;
				CLANG_WARN_NON_LITERAL_NULL_CONVERSION = YES;
				CLANG_WARN_OBJC_IMPLICIT_RETAIN_SELF = YES;
				CLANG_WARN_OBJC_LITERAL_CONVERSION = YES;
				CLANG_WARN_OBJC_ROOT_CLASS = YES_ERROR;
				CLANG_WARN_RANGE_LOOP_ANALYSIS = YES;
				CLANG_WARN_STRICT_PROTOTYPES = YES;
				CLANG_WARN_SUSPICIOUS_MOVE = YES;
				CLANG_WARN_UNGUARDED_AVAILABILITY = YES_AGGRESSIVE;
				CLANG_WARN_UNREACHABLE_CODE = YES;
				CLANG_WARN__DUPLICATE_METHOD_MATCH = YES;
				CODE_SIGN_IDENTITY = "iPhone Developer";
				COPY_PHASE_STRIP = NO;
				DEBUG_INFORMATION_FORMAT = dwarf;
				ENABLE_STRICT_OBJC_MSGSEND = YES;
				ENABLE_TESTABILITY = YES;
				GCC_C_LANGUAGE_STANDARD = gnu11;
				GCC_DYNAMIC_NO_PIC = NO;
				GCC_NO_COMMON_BLOCKS = YES;
				GCC_OPTIMIZATION_LEVEL = 0;
				GCC_PREPROCESSOR_DEFINITIONS = (
					"DEBUG=1",
					"$(inherited)",
				);
				GCC_WARN_64_TO_32_BIT_CONVERSION = YES;
				GCC_WARN_ABOUT_RETURN_TYPE = YES_ERROR;
				GCC_WARN_UNDECLARED_SELECTOR = YES;
				GCC_WARN_UNINITIALIZED_AUTOS = YES_AGGRESSIVE;
				GCC_WARN_UNUSED_FUNCTION = YES;
				GCC_WARN_UNUSED_VARIABLE = YES;
				IPHONEOS_DEPLOYMENT_TARGET = 9.0;
				MTL_ENABLE_DEBUG_INFO = YES;
				ONLY_ACTIVE_ARCH = YES;
				SDKROOT = iphoneos;
				SWIFT_ACTIVE_COMPILATION_CONDITIONS = DEBUG;
				SWIFT_OPTIMIZATION_LEVEL = "-Onone";
			};
			name = Debug;
		};
		5258CEC320308EF300FB48DC /* Release */ = {
			isa = XCBuildConfiguration;
			buildSettings = {
				ALWAYS_SEARCH_USER_PATHS = NO;
				CLANG_ANALYZER_LOCALIZABILITY_NONLOCALIZED = YES;
				CLANG_ANALYZER_NONNULL = YES;
				CLANG_ANALYZER_NUMBER_OBJECT_CONVERSION = YES_AGGRESSIVE;
				CLANG_CXX_LANGUAGE_STANDARD = "gnu++14";
				CLANG_CXX_LIBRARY = "libc++";
				CLANG_ENABLE_MODULES = YES;
				CLANG_ENABLE_OBJC_ARC = YES;
				CLANG_ENABLE_OBJC_WEAK = YES;
				CLANG_WARN_BLOCK_CAPTURE_AUTORELEASING = YES;
				CLANG_WARN_BOOL_CONVERSION = YES;
				CLANG_WARN_COMMA = YES;
				CLANG_WARN_CONSTANT_CONVERSION = YES;
				CLANG_WARN_DEPRECATED_OBJC_IMPLEMENTATIONS = YES;
				CLANG_WARN_DIRECT_OBJC_ISA_USAGE = YES_ERROR;
				CLANG_WARN_DOCUMENTATION_COMMENTS = YES;
				CLANG_WARN_EMPTY_BODY = YES;
				CLANG_WARN_ENUM_CONVERSION = YES;
				CLANG_WARN_INFINITE_RECURSION = YES;
				CLANG_WARN_INT_CONVERSION = YES;
				CLANG_WARN_NON_LITERAL_NULL_CONVERSION = YES;
				CLANG_WARN_OBJC_IMPLICIT_RETAIN_SELF = YES;
				CLANG_WARN_OBJC_LITERAL_CONVERSION = YES;
				CLANG_WARN_OBJC_ROOT_CLASS = YES_ERROR;
				CLANG_WARN_RANGE_LOOP_ANALYSIS = YES;
				CLANG_WARN_STRICT_PROTOTYPES = YES;
				CLANG_WARN_SUSPICIOUS_MOVE = YES;
				CLANG_WARN_UNGUARDED_AVAILABILITY = YES_AGGRESSIVE;
				CLANG_WARN_UNREACHABLE_CODE = YES;
				CLANG_WARN__DUPLICATE_METHOD_MATCH = YES;
				CODE_SIGN_IDENTITY = "iPhone Developer";
				COPY_PHASE_STRIP = NO;
				DEBUG_INFORMATION_FORMAT = "dwarf-with-dsym";
				ENABLE_NS_ASSERTIONS = NO;
				ENABLE_STRICT_OBJC_MSGSEND = YES;
				GCC_C_LANGUAGE_STANDARD = gnu11;
				GCC_NO_COMMON_BLOCKS = YES;
				GCC_WARN_64_TO_32_BIT_CONVERSION = YES;
				GCC_WARN_ABOUT_RETURN_TYPE = YES_ERROR;
				GCC_WARN_UNDECLARED_SELECTOR = YES;
				GCC_WARN_UNINITIALIZED_AUTOS = YES_AGGRESSIVE;
				GCC_WARN_UNUSED_FUNCTION = YES;
				GCC_WARN_UNUSED_VARIABLE = YES;
				IPHONEOS_DEPLOYMENT_TARGET = 9.0;
				MTL_ENABLE_DEBUG_INFO = NO;
				SDKROOT = iphoneos;
				SWIFT_OPTIMIZATION_LEVEL = "-Owholemodule";
				VALIDATE_PRODUCT = YES;
			};
			name = Release;
		};
		5258CEDE2030A07800FB48DC /* Debug */ = {
			isa = XCBuildConfiguration;
			baseConfigurationReference = AE7E81D102AEC2855D84F893 /* Pods-AZDMV.debug.xcconfig */;
			buildSettings = {
				ASSETCATALOG_COMPILER_APPICON_NAME = AppIcon;
				CODE_SIGN_STYLE = Automatic;
				DEVELOPMENT_TEAM = KZ7D8X3PRK;
				INFOPLIST_FILE = "$(SRCROOT)/AZDMV/Supporting File/Info.plist";
				IPHONEOS_DEPLOYMENT_TARGET = 9.0;
				LD_RUNPATH_SEARCH_PATHS = "$(inherited) @executable_path/Frameworks";
				PRODUCT_BUNDLE_IDENTIFIER = com.wwitdc.apollo.AZDMV;
				PRODUCT_NAME = "$(TARGET_NAME)";
				SWIFT_VERSION = 4.0;
				TARGETED_DEVICE_FAMILY = "1,2";
			};
			name = Debug;
		};
		5258CEDF2030A07800FB48DC /* Release */ = {
			isa = XCBuildConfiguration;
			baseConfigurationReference = C093238A876AEA2014E052C6 /* Pods-AZDMV.release.xcconfig */;
			buildSettings = {
				ASSETCATALOG_COMPILER_APPICON_NAME = AppIcon;
				CODE_SIGN_STYLE = Automatic;
				DEVELOPMENT_TEAM = KZ7D8X3PRK;
				INFOPLIST_FILE = "$(SRCROOT)/AZDMV/Supporting File/Info.plist";
				IPHONEOS_DEPLOYMENT_TARGET = 9.0;
				LD_RUNPATH_SEARCH_PATHS = "$(inherited) @executable_path/Frameworks";
				PRODUCT_BUNDLE_IDENTIFIER = com.wwitdc.apollo.AZDMV;
				PRODUCT_NAME = "$(TARGET_NAME)";
				SWIFT_VERSION = 4.0;
				TARGETED_DEVICE_FAMILY = "1,2";
			};
			name = Release;
		};
/* End XCBuildConfiguration section */

/* Begin XCConfigurationList section */
		5258CEAD20308E3600FB48DC /* Build configuration list for PBXProject "AZDMV" */ = {
			isa = XCConfigurationList;
			buildConfigurations = (
				5258CEC220308EF300FB48DC /* Debug */,
				5258CEC320308EF300FB48DC /* Release */,
			);
			defaultConfigurationIsVisible = 0;
			defaultConfigurationName = Release;
		};
		5258CEE02030A07800FB48DC /* Build configuration list for PBXNativeTarget "AZDMV" */ = {
			isa = XCConfigurationList;
			buildConfigurations = (
				5258CEDE2030A07800FB48DC /* Debug */,
				5258CEDF2030A07800FB48DC /* Release */,
			);
			defaultConfigurationIsVisible = 0;
			defaultConfigurationName = Release;
		};
/* End XCConfigurationList section */
	};
	rootObject = 5258CEAA20308E3600FB48DC /* Project object */;
}
